lockfileVersion: 5.4

specifiers:
  bun-types: ^0.2.0
  prettier: ^2.8.0
  typescript: ^4.9.3

devDependencies:
  bun-types: 0.2.2
  prettier: 2.8.0
  typescript: 4.9.3

packages:

  /bun-types/0.2.2:
    resolution: {integrity: sha512-/1IPC/PPWvV39I7uulBcWHL0Xpi1BqvwF34R/2gRwt0/l5MJB1gt15GLwLP33d59EnkOdRYibImuCg0l/9BRng==}
    dev: true

  /prettier/2.8.0:
    resolution: {integrity: sha512-9Lmg8hTFZKG0Asr/kW9Bp8tJjRVluO8EJQVfY2T7FMw9T5jy4I/Uvx0Rca/XWf50QQ1/SS48+6IJWnrb+2yemA==}
    engines: {node: '>=10.13.0'}
    hasBin: true
    dev: true

  /typescript/4.9.3:
    resolution: {integrity: sha512-CIfGzTelbKNEnLpLdGFgdyKhG23CKdKgQPOBc+OUNrkJ2vr+KSzsSV5kq5iWhEQbok+quxgGzrAtGWCyU7tHnA==}
    engines: {node: '>=4.2.0'}
    hasBin: true
    dev: true
